
Microsoft Visual Studio Solution File, Format Version 12.00
# Visual Studio Version 17
VisualStudioVersion = 17.9.34714.143
MinimumVisualStudioVersion = 10.0.40219.1
Project("{FAE04EC0-301F-11D3-BF4B-00C04F79EFBC}") = "DotNetMusicLooper.Library", "DotNetMusicLooper.Library\DotNetMusicLooper.Library.csproj", "{C68CC9AE-153A-42D6-8DFC-FDD21D2E036C}"
EndProject
Project("{FAE04EC0-301F-11D3-BF4B-00C04F79EFBC}") = "DotNetMusicLooper.CLI", "DotNetMusicLooper.CLI\DotNetMusicLooper.CLI.csproj", "{B8CE9059-63A6-4263-A1FB-C1A35A0FFF05}"
EndProject
Project("{FAE04EC0-301F-11D3-BF4B-00C04F79EFBC}") = "DotNetMusicLooper.Tests", "DotNetMusicLooper.Tests\DotNetMusicLooper.Tests.csproj", "{91BD71A2-2A17-4011-9380-82B9E997FB69}"
EndProject
Global
	GlobalSection(SolutionConfigurationPlatforms) = preSolution
		Debug|Any CPU = Debug|Any CPU
		Release|Any CPU = Release|Any CPU
	EndGlobalSection
	GlobalSection(ProjectConfigurationPlatforms) = postSolution
		{C68CC9AE-153A-42D6-8DFC-FDD21D2E036C}.Debug|Any CPU.ActiveCfg = Debug|Any CPU
		{C68CC9AE-153A-42D6-8DFC-FDD21D2E036C}.Debug|Any CPU.Build.0 = Debug|Any CPU
		{C68CC9AE-153A-42D6-8DFC-FDD21D2E036C}.Release|Any CPU.ActiveCfg = Release|Any CPU
		{C68CC9AE-153A-42D6-8DFC-FDD21D2E036C}.Release|Any CPU.Build.0 = Release|Any CPU
		{B8CE9059-63A6-4263-A1FB-C1A35A0FFF05}.Debug|Any CPU.ActiveCfg = Debug|Any CPU
		{B8CE9059-63A6-4263-A1FB-C1A35A0FFF05}.Debug|Any CPU.Build.0 = Debug|Any CPU
		{B8CE9059-63A6-4263-A1FB-C1A35A0FFF05}.Release|Any CPU.ActiveCfg = Release|Any CPU
		{B8CE9059-63A6-4263-A1FB-C1A35A0FFF05}.Release|Any CPU.Build.0 = Release|Any CPU
		{91BD71A2-2A17-4011-9380-82B9E997FB69}.Debug|Any CPU.ActiveCfg = Debug|Any CPU
		{91BD71A2-2A17-4011-9380-82B9E997FB69}.Debug|Any CPU.Build.0 = Debug|Any CPU
		{91BD71A2-2A17-4011-9380-82B9E997FB69}.Release|Any CPU.ActiveCfg = Release|Any CPU
		{91BD71A2-2A17-4011-9380-82B9E997FB69}.Release|Any CPU.Build.0 = Release|Any CPU
	EndGlobalSection
	GlobalSection(SolutionProperties) = preSolution
		HideSolutionNode = FALSE
	EndGlobalSection
	GlobalSection(ExtensibilityGlobals) = postSolution
		SolutionGuid = {82BF89E3-C8C8-44BB-B82A-522051AD4117}
	EndGlobalSection
EndGlobal
